
Microsoft Visual Studio Solution File, Format Version 12.00
# Visual Studio Version 17
VisualStudioVersion = 17.11.35312.102
MinimumVisualStudioVersion = 10.0.40219.1
Project("{8BC9CEB8-8B4A-11D0-8D11-00A0C91BC942}") = "casinomanager1", "casinomanager1.vcxproj", "{7870CE16-3235-45A2-BFC6-BB84C2C93EA6}"
EndProject
Global
	GlobalSection(SolutionConfigurationPlatforms) = preSolution
		Debug|x64 = Debug|x64
		Debug|x86 = Debug|x86
		Release|x64 = Release|x64
		Release|x86 = Release|x86
	EndGlobalSection
	GlobalSection(ProjectConfigurationPlatforms) = postSolution
		{7870CE16-3235-45A2-BFC6-BB84C2C93EA6}.Debug|x64.ActiveCfg = Debug|x64
		{7870CE16-3235-45A2-BFC6-BB84C2C93EA6}.Debug|x64.Build.0 = Debug|x64
		{7870CE16-3235-45A2-BFC6-BB84C2C93EA6}.Debug|x86.ActiveCfg = Debug|Win32
		{7870CE16-3235-45A2-BFC6-BB84C2C93EA6}.Debug|x86.Build.0 = Debug|Win32
		{7870CE16-3235-45A2-BFC6-BB84C2C93EA6}.Release|x64.ActiveCfg = Release|x64
		{7870CE16-3235-45A2-BFC6-BB84C2C93EA6}.Release|x64.Build.0 = Release|x64
		{7870CE16-3235-45A2-BFC6-BB84C2C93EA6}.Release|x86.ActiveCfg = Release|Win32
		{7870CE16-3235-45A2-BFC6-BB84C2C93EA6}.Release|x86.Build.0 = Release|Win32
	EndGlobalSection
	GlobalSection(SolutionProperties) = preSolution
		HideSolutionNode = FALSE
	EndGlobalSection
	GlobalSection(ExtensibilityGlobals) = postSolution
		SolutionGuid = {D16F9CA3-D255-4DF7-AD77-1C0FDA20D5C9}
	EndGlobalSection
EndGlobal
